
Microsoft Visual Studio Solution File, Format Version 12.00
# Visual Studio Version 17
VisualStudioVersion = 17.3.32804.467
MinimumVisualStudioVersion = 10.0.40219.1
Project("{FAE04EC0-301F-11D3-BF4B-00C04F79EFBC}") = "AfterRefactoring", "AfterRefactoring\AfterRefactoring.csproj", "{3DB1C1EF-F8D4-45AF-9E20-7F6790207781}"
EndProject
Global
	GlobalSection(SolutionConfigurationPlatforms) = preSolution
		Debug|Any CPU = Debug|Any CPU
		Release|Any CPU = Release|Any CPU
	EndGlobalSection
	GlobalSection(ProjectConfigurationPlatforms) = postSolution
		{3DB1C1EF-F8D4-45AF-9E20-7F6790207781}.Debug|Any CPU.ActiveCfg = Debug|Any CPU
		{3DB1C1EF-F8D4-45AF-9E20-7F6790207781}.Debug|Any CPU.Build.0 = Debug|Any CPU
		{3DB1C1EF-F8D4-45AF-9E20-7F6790207781}.Release|Any CPU.ActiveCfg = Release|Any CPU
		{3DB1C1EF-F8D4-45AF-9E20-7F6790207781}.Release|Any CPU.Build.0 = Release|Any CPU
	EndGlobalSection
	GlobalSection(SolutionProperties) = preSolution
		HideSolutionNode = FALSE
	EndGlobalSection
	GlobalSection(ExtensibilityGlobals) = postSolution
		SolutionGuid = {46252FE5-9BD7-4DA6-9AA4-D0C515959F21}
	EndGlobalSection
EndGlobal
